
Microsoft Visual Studio Solution File, Format Version 12.00
# Visual Studio Version 16
VisualStudioVersion = 16.0.31515.178
MinimumVisualStudioVersion = 10.0.40219.1
Project("{888888A0-9F3D-457C-B088-3A5042F75D52}") = "Cis261 Phase1", "Cis261 Phase1.pyproj", "{13B6B9DD-6073-4089-9BDE-CDD5CFA6FC16}"
EndProject
Global
	GlobalSection(SolutionConfigurationPlatforms) = preSolution
		Debug|Any CPU = Debug|Any CPU
		Release|Any CPU = Release|Any CPU
	EndGlobalSection
	GlobalSection(ProjectConfigurationPlatforms) = postSolution
		{13B6B9DD-6073-4089-9BDE-CDD5CFA6FC16}.Debug|Any CPU.ActiveCfg = Debug|Any CPU
		{13B6B9DD-6073-4089-9BDE-CDD5CFA6FC16}.Release|Any CPU.ActiveCfg = Release|Any CPU
	EndGlobalSection
	GlobalSection(SolutionProperties) = preSolution
		HideSolutionNode = FALSE
	EndGlobalSection
	GlobalSection(ExtensibilityGlobals) = postSolution
		SolutionGuid = {97D619CF-7FFC-4C60-8756-7C9C34135ED3}
	EndGlobalSection
EndGlobal
